
Microsoft Visual Studio Solution File, Format Version 12.00
# Visual Studio Version 17
VisualStudioVersion = 17.2.32630.192
MinimumVisualStudioVersion = 10.0.40219.1
Project("{8BC9CEB8-8B4A-11D0-8D11-00A0C91BC942}") = "cppm-homeWork-04.02", "cppm-homeWork-04.02\cppm-homeWork-04.02.vcxproj", "{56690D3C-A876-4C4B-8BA3-ED7DDD978EFF}"
EndProject
Project("{8BC9CEB8-8B4A-11D0-8D11-00A0C91BC942}") = "cppm-homeWork-04.01", "..\cppm-homeWork-04.01\cppm-homeWork-04.01\cppm-homeWork-04.01.vcxproj", "{5609510D-509E-4487-BF70-B4C4AD9082E2}"
EndProject
Global
	GlobalSection(SolutionConfigurationPlatforms) = preSolution
		Debug|x64 = Debug|x64
		Debug|x86 = Debug|x86
		Release|x64 = Release|x64
		Release|x86 = Release|x86
	EndGlobalSection
	GlobalSection(ProjectConfigurationPlatforms) = postSolution
		{56690D3C-A876-4C4B-8BA3-ED7DDD978EFF}.Debug|x64.ActiveCfg = Debug|x64
		{56690D3C-A876-4C4B-8BA3-ED7DDD978EFF}.Debug|x64.Build.0 = Debug|x64
		{56690D3C-A876-4C4B-8BA3-ED7DDD978EFF}.Debug|x86.ActiveCfg = Debug|Win32
		{56690D3C-A876-4C4B-8BA3-ED7DDD978EFF}.Debug|x86.Build.0 = Debug|Win32
		{56690D3C-A876-4C4B-8BA3-ED7DDD978EFF}.Release|x64.ActiveCfg = Release|x64
		{56690D3C-A876-4C4B-8BA3-ED7DDD978EFF}.Release|x64.Build.0 = Release|x64
		{56690D3C-A876-4C4B-8BA3-ED7DDD978EFF}.Release|x86.ActiveCfg = Release|Win32
		{56690D3C-A876-4C4B-8BA3-ED7DDD978EFF}.Release|x86.Build.0 = Release|Win32
		{5609510D-509E-4487-BF70-B4C4AD9082E2}.Debug|x64.ActiveCfg = Debug|x64
		{5609510D-509E-4487-BF70-B4C4AD9082E2}.Debug|x64.Build.0 = Debug|x64
		{5609510D-509E-4487-BF70-B4C4AD9082E2}.Debug|x86.ActiveCfg = Debug|Win32
		{5609510D-509E-4487-BF70-B4C4AD9082E2}.Debug|x86.Build.0 = Debug|Win32
		{5609510D-509E-4487-BF70-B4C4AD9082E2}.Release|x64.ActiveCfg = Release|x64
		{5609510D-509E-4487-BF70-B4C4AD9082E2}.Release|x64.Build.0 = Release|x64
		{5609510D-509E-4487-BF70-B4C4AD9082E2}.Release|x86.ActiveCfg = Release|Win32
		{5609510D-509E-4487-BF70-B4C4AD9082E2}.Release|x86.Build.0 = Release|Win32
	EndGlobalSection
	GlobalSection(SolutionProperties) = preSolution
		HideSolutionNode = FALSE
	EndGlobalSection
	GlobalSection(ExtensibilityGlobals) = postSolution
		SolutionGuid = {CDEF3702-C5D2-4CBF-9860-AD48FDCF2671}
	EndGlobalSection
EndGlobal
